
Microsoft Visual Studio Solution File, Format Version 12.00
# Visual Studio Version 16
VisualStudioVersion = 16.0.29230.47
MinimumVisualStudioVersion = 10.0.40219.1
Project("{FAE04EC0-301F-11D3-BF4B-00C04F79EFBC}") = "06assignment3-CSharpGitDemo", "06assignment3-CSharpGitDemo.csproj", "{1C48F499-03FD-457D-A921-C3CB9D8336B5}"
EndProject
Global
	GlobalSection(SolutionConfigurationPlatforms) = preSolution
		Debug|Any CPU = Debug|Any CPU
		Release|Any CPU = Release|Any CPU
	EndGlobalSection
	GlobalSection(ProjectConfigurationPlatforms) = postSolution
		{1C48F499-03FD-457D-A921-C3CB9D8336B5}.Debug|Any CPU.ActiveCfg = Debug|Any CPU
		{1C48F499-03FD-457D-A921-C3CB9D8336B5}.Debug|Any CPU.Build.0 = Debug|Any CPU
		{1C48F499-03FD-457D-A921-C3CB9D8336B5}.Release|Any CPU.ActiveCfg = Release|Any CPU
		{1C48F499-03FD-457D-A921-C3CB9D8336B5}.Release|Any CPU.Build.0 = Release|Any CPU
	EndGlobalSection
	GlobalSection(SolutionProperties) = preSolution
		HideSolutionNode = FALSE
	EndGlobalSection
	GlobalSection(ExtensibilityGlobals) = postSolution
		SolutionGuid = {497A77E6-8649-4CFF-8244-3C0467612F4C}
	EndGlobalSection
EndGlobal
